
Microsoft Visual Studio Solution File, Format Version 12.00
# Visual Studio Version 17
VisualStudioVersion = 17.8.34525.116
MinimumVisualStudioVersion = 10.0.40219.1
Project("{9A19103F-16F7-4668-BE54-9A1E7A4F7556}") = "GroceryList.Domain", "GroceryList.Domain\GroceryList.Domain.csproj", "{E69521B3-63B4-426A-A6D9-9ED4CA7715A7}"
EndProject
Project("{FAE04EC0-301F-11D3-BF4B-00C04F79EFBC}") = "GroceryList.Service", "GroceryList.Service\GroceryList.Service.csproj", "{6E6E22B3-2908-4CC6-A389-CD20BC0DAE1C}"
EndProject
Project("{FAE04EC0-301F-11D3-BF4B-00C04F79EFBC}") = "GroceryList.Api", "GroceryList.Api\GroceryList.Api.csproj", "{E5D7E407-BDFA-4A23-81E7-C07BDA5E38CB}"
EndProject
Project("{FAE04EC0-301F-11D3-BF4B-00C04F79EFBC}") = "GroceryList.Data", "GroceryList.Data\GroceryList.Data.csproj", "{65D7CA6F-925F-45D7-B55F-F73D6098A2C2}"
EndProject
Project("{FAE04EC0-301F-11D3-BF4B-00C04F79EFBC}") = "GroceryList.Infra", "GroceryList.Infra\GroceryList.Infra.csproj", "{334D8E3F-0A53-4534-86C7-DD2EFBBBC230}"
EndProject
Global
	GlobalSection(SolutionConfigurationPlatforms) = preSolution
		Debug|Any CPU = Debug|Any CPU
		Release|Any CPU = Release|Any CPU
	EndGlobalSection
	GlobalSection(ProjectConfigurationPlatforms) = postSolution
		{E69521B3-63B4-426A-A6D9-9ED4CA7715A7}.Debug|Any CPU.ActiveCfg = Debug|Any CPU
		{E69521B3-63B4-426A-A6D9-9ED4CA7715A7}.Debug|Any CPU.Build.0 = Debug|Any CPU
		{E69521B3-63B4-426A-A6D9-9ED4CA7715A7}.Release|Any CPU.ActiveCfg = Release|Any CPU
		{E69521B3-63B4-426A-A6D9-9ED4CA7715A7}.Release|Any CPU.Build.0 = Release|Any CPU
		{6E6E22B3-2908-4CC6-A389-CD20BC0DAE1C}.Debug|Any CPU.ActiveCfg = Debug|Any CPU
		{6E6E22B3-2908-4CC6-A389-CD20BC0DAE1C}.Debug|Any CPU.Build.0 = Debug|Any CPU
		{6E6E22B3-2908-4CC6-A389-CD20BC0DAE1C}.Release|Any CPU.ActiveCfg = Release|Any CPU
		{6E6E22B3-2908-4CC6-A389-CD20BC0DAE1C}.Release|Any CPU.Build.0 = Release|Any CPU
		{E5D7E407-BDFA-4A23-81E7-C07BDA5E38CB}.Debug|Any CPU.ActiveCfg = Debug|Any CPU
		{E5D7E407-BDFA-4A23-81E7-C07BDA5E38CB}.Debug|Any CPU.Build.0 = Debug|Any CPU
		{E5D7E407-BDFA-4A23-81E7-C07BDA5E38CB}.Release|Any CPU.ActiveCfg = Release|Any CPU
		{E5D7E407-BDFA-4A23-81E7-C07BDA5E38CB}.Release|Any CPU.Build.0 = Release|Any CPU
		{65D7CA6F-925F-45D7-B55F-F73D6098A2C2}.Debug|Any CPU.ActiveCfg = Debug|Any CPU
		{65D7CA6F-925F-45D7-B55F-F73D6098A2C2}.Debug|Any CPU.Build.0 = Debug|Any CPU
		{65D7CA6F-925F-45D7-B55F-F73D6098A2C2}.Release|Any CPU.ActiveCfg = Release|Any CPU
		{65D7CA6F-925F-45D7-B55F-F73D6098A2C2}.Release|Any CPU.Build.0 = Release|Any CPU
		{334D8E3F-0A53-4534-86C7-DD2EFBBBC230}.Debug|Any CPU.ActiveCfg = Debug|Any CPU
		{334D8E3F-0A53-4534-86C7-DD2EFBBBC230}.Debug|Any CPU.Build.0 = Debug|Any CPU
		{334D8E3F-0A53-4534-86C7-DD2EFBBBC230}.Release|Any CPU.ActiveCfg = Release|Any CPU
		{334D8E3F-0A53-4534-86C7-DD2EFBBBC230}.Release|Any CPU.Build.0 = Release|Any CPU
	EndGlobalSection
	GlobalSection(SolutionProperties) = preSolution
		HideSolutionNode = FALSE
	EndGlobalSection
	GlobalSection(ExtensibilityGlobals) = postSolution
		SolutionGuid = {EF13120E-8D9F-4C7D-8BDB-D4E03D034F78}
	EndGlobalSection
EndGlobal
